
Microsoft Visual Studio Solution File, Format Version 12.00
# Visual Studio Version 16
VisualStudioVersion = 16.0.29102.190
MinimumVisualStudioVersion = 10.0.40219.1
Project("{FAE04EC0-301F-11D3-BF4B-00C04F79EFBC}") = "Bet", "Bet\Bet.csproj", "{C71041A0-764A-4CCA-9233-64E51A88B97A}"
EndProject
Global
	GlobalSection(SolutionConfigurationPlatforms) = preSolution
		Debug|Any CPU = Debug|Any CPU
		Release|Any CPU = Release|Any CPU
	EndGlobalSection
	GlobalSection(ProjectConfigurationPlatforms) = postSolution
		{C71041A0-764A-4CCA-9233-64E51A88B97A}.Debug|Any CPU.ActiveCfg = Debug|Any CPU
		{C71041A0-764A-4CCA-9233-64E51A88B97A}.Debug|Any CPU.Build.0 = Debug|Any CPU
		{C71041A0-764A-4CCA-9233-64E51A88B97A}.Release|Any CPU.ActiveCfg = Release|Any CPU
		{C71041A0-764A-4CCA-9233-64E51A88B97A}.Release|Any CPU.Build.0 = Release|Any CPU
	EndGlobalSection
	GlobalSection(SolutionProperties) = preSolution
		HideSolutionNode = FALSE
	EndGlobalSection
	GlobalSection(ExtensibilityGlobals) = postSolution
		SolutionGuid = {18FEA932-6776-44C1-A2B9-3C64DD282F67}
	EndGlobalSection
EndGlobal
